
Microsoft Visual Studio Solution File, Format Version 12.00
# Visual Studio Version 17
VisualStudioVersion = 17.7.34031.279
MinimumVisualStudioVersion = 10.0.40219.1
Project("{FAE04EC0-301F-11D3-BF4B-00C04F79EFBC}") = "RentalyManager", "RentalyManager\RentalyManager.csproj", "{62DB657B-F239-4CD7-9364-CF4C826B64BD}"
EndProject
Global
	GlobalSection(SolutionConfigurationPlatforms) = preSolution
		Debug|Any CPU = Debug|Any CPU
		Release|Any CPU = Release|Any CPU
	EndGlobalSection
	GlobalSection(ProjectConfigurationPlatforms) = postSolution
		{62DB657B-F239-4CD7-9364-CF4C826B64BD}.Debug|Any CPU.ActiveCfg = Debug|Any CPU
		{62DB657B-F239-4CD7-9364-CF4C826B64BD}.Debug|Any CPU.Build.0 = Debug|Any CPU
		{62DB657B-F239-4CD7-9364-CF4C826B64BD}.Release|Any CPU.ActiveCfg = Release|Any CPU
		{62DB657B-F239-4CD7-9364-CF4C826B64BD}.Release|Any CPU.Build.0 = Release|Any CPU
	EndGlobalSection
	GlobalSection(SolutionProperties) = preSolution
		HideSolutionNode = FALSE
	EndGlobalSection
	GlobalSection(ExtensibilityGlobals) = postSolution
		SolutionGuid = {01EE107F-9C61-4EA9-ADFA-2E4F7521B09F}
	EndGlobalSection
EndGlobal
